
Microsoft Visual Studio Solution File, Format Version 12.00
# Visual Studio Version 16
VisualStudioVersion = 16.0.29411.108
MinimumVisualStudioVersion = 10.0.40219.1
Project("{FAE04EC0-301F-11D3-BF4B-00C04F79EFBC}") = "Øveshit", "Øveshit\Øveshit.csproj", "{62E3E584-F167-473F-B820-79666F817BF6}"
EndProject
Global
	GlobalSection(SolutionConfigurationPlatforms) = preSolution
		Debug|Any CPU = Debug|Any CPU
		Release|Any CPU = Release|Any CPU
	EndGlobalSection
	GlobalSection(ProjectConfigurationPlatforms) = postSolution
		{62E3E584-F167-473F-B820-79666F817BF6}.Debug|Any CPU.ActiveCfg = Debug|Any CPU
		{62E3E584-F167-473F-B820-79666F817BF6}.Debug|Any CPU.Build.0 = Debug|Any CPU
		{62E3E584-F167-473F-B820-79666F817BF6}.Release|Any CPU.ActiveCfg = Release|Any CPU
		{62E3E584-F167-473F-B820-79666F817BF6}.Release|Any CPU.Build.0 = Release|Any CPU
	EndGlobalSection
	GlobalSection(SolutionProperties) = preSolution
		HideSolutionNode = FALSE
	EndGlobalSection
	GlobalSection(ExtensibilityGlobals) = postSolution
		SolutionGuid = {4D42E1A6-B4CD-4917-AAC5-59E2A3A6BDF8}
	EndGlobalSection
EndGlobal
