
Microsoft Visual Studio Solution File, Format Version 12.00
# Visual Studio Version 16
VisualStudioVersion = 16.0.29411.108
MinimumVisualStudioVersion = 10.0.40219.1
Project("{FAE04EC0-301F-11D3-BF4B-00C04F79EFBC}") = "txtfile", "txtfile\txtfile.csproj", "{78E07B1C-0D46-475D-A5FE-980E08FB4423}"
EndProject
Global
	GlobalSection(SolutionConfigurationPlatforms) = preSolution
		Debug|Any CPU = Debug|Any CPU
		Release|Any CPU = Release|Any CPU
	EndGlobalSection
	GlobalSection(ProjectConfigurationPlatforms) = postSolution
		{78E07B1C-0D46-475D-A5FE-980E08FB4423}.Debug|Any CPU.ActiveCfg = Debug|Any CPU
		{78E07B1C-0D46-475D-A5FE-980E08FB4423}.Debug|Any CPU.Build.0 = Debug|Any CPU
		{78E07B1C-0D46-475D-A5FE-980E08FB4423}.Release|Any CPU.ActiveCfg = Release|Any CPU
		{78E07B1C-0D46-475D-A5FE-980E08FB4423}.Release|Any CPU.Build.0 = Release|Any CPU
	EndGlobalSection
	GlobalSection(SolutionProperties) = preSolution
		HideSolutionNode = FALSE
	EndGlobalSection
	GlobalSection(ExtensibilityGlobals) = postSolution
		SolutionGuid = {ECED8F2A-A48B-48E4-8F5F-C94F824A5201}
	EndGlobalSection
EndGlobal
