
Microsoft Visual Studio Solution File, Format Version 12.00
# Visual Studio Version 16
VisualStudioVersion = 16.0.29215.179
MinimumVisualStudioVersion = 10.0.40219.1
Project("{FAE04EC0-301F-11D3-BF4B-00C04F79EFBC}") = "2.5 program", "2.5 program\2.5 program.csproj", "{08F3170A-99C3-49E8-A0A5-0C8A704EAA58}"
EndProject
Global
	GlobalSection(SolutionConfigurationPlatforms) = preSolution
		Debug|Any CPU = Debug|Any CPU
		Release|Any CPU = Release|Any CPU
	EndGlobalSection
	GlobalSection(ProjectConfigurationPlatforms) = postSolution
		{08F3170A-99C3-49E8-A0A5-0C8A704EAA58}.Debug|Any CPU.ActiveCfg = Debug|Any CPU
		{08F3170A-99C3-49E8-A0A5-0C8A704EAA58}.Debug|Any CPU.Build.0 = Debug|Any CPU
		{08F3170A-99C3-49E8-A0A5-0C8A704EAA58}.Release|Any CPU.ActiveCfg = Release|Any CPU
		{08F3170A-99C3-49E8-A0A5-0C8A704EAA58}.Release|Any CPU.Build.0 = Release|Any CPU
	EndGlobalSection
	GlobalSection(SolutionProperties) = preSolution
		HideSolutionNode = FALSE
	EndGlobalSection
	GlobalSection(ExtensibilityGlobals) = postSolution
		SolutionGuid = {7516A7A8-46E7-440A-89EB-DE19D86FF5DF}
	EndGlobalSection
EndGlobal
