
Microsoft Visual Studio Solution File, Format Version 12.00
# Visual Studio Version 16
VisualStudioVersion = 16.0.29411.108
MinimumVisualStudioVersion = 10.0.40219.1
Project("{FAE04EC0-301F-11D3-BF4B-00C04F79EFBC}") = "Opgavermedmetoder", "Opgavermedmetoder\Opgavermedmetoder.csproj", "{7530E34E-F4D6-4664-B18F-B2D0E0E90F03}"
EndProject
Global
	GlobalSection(SolutionConfigurationPlatforms) = preSolution
		Debug|Any CPU = Debug|Any CPU
		Release|Any CPU = Release|Any CPU
	EndGlobalSection
	GlobalSection(ProjectConfigurationPlatforms) = postSolution
		{7530E34E-F4D6-4664-B18F-B2D0E0E90F03}.Debug|Any CPU.ActiveCfg = Debug|Any CPU
		{7530E34E-F4D6-4664-B18F-B2D0E0E90F03}.Debug|Any CPU.Build.0 = Debug|Any CPU
		{7530E34E-F4D6-4664-B18F-B2D0E0E90F03}.Release|Any CPU.ActiveCfg = Release|Any CPU
		{7530E34E-F4D6-4664-B18F-B2D0E0E90F03}.Release|Any CPU.Build.0 = Release|Any CPU
	EndGlobalSection
	GlobalSection(SolutionProperties) = preSolution
		HideSolutionNode = FALSE
	EndGlobalSection
	GlobalSection(ExtensibilityGlobals) = postSolution
		SolutionGuid = {B93C8D00-AE14-4582-9403-FDA9C1C862DC}
	EndGlobalSection
EndGlobal
