
Microsoft Visual Studio Solution File, Format Version 12.00
# Visual Studio Version 16
VisualStudioVersion = 16.0.29411.108
MinimumVisualStudioVersion = 10.0.40219.1
Project("{FAE04EC0-301F-11D3-BF4B-00C04F79EFBC}") = "øvealting", "øvealting\øvealting.csproj", "{50A40A03-DADF-41B4-9FBF-38FF88587E05}"
EndProject
Global
	GlobalSection(SolutionConfigurationPlatforms) = preSolution
		Debug|Any CPU = Debug|Any CPU
		Release|Any CPU = Release|Any CPU
	EndGlobalSection
	GlobalSection(ProjectConfigurationPlatforms) = postSolution
		{50A40A03-DADF-41B4-9FBF-38FF88587E05}.Debug|Any CPU.ActiveCfg = Debug|Any CPU
		{50A40A03-DADF-41B4-9FBF-38FF88587E05}.Debug|Any CPU.Build.0 = Debug|Any CPU
		{50A40A03-DADF-41B4-9FBF-38FF88587E05}.Release|Any CPU.ActiveCfg = Release|Any CPU
		{50A40A03-DADF-41B4-9FBF-38FF88587E05}.Release|Any CPU.Build.0 = Release|Any CPU
	EndGlobalSection
	GlobalSection(SolutionProperties) = preSolution
		HideSolutionNode = FALSE
	EndGlobalSection
	GlobalSection(ExtensibilityGlobals) = postSolution
		SolutionGuid = {FD1910A7-9953-4B75-A929-87649976C547}
	EndGlobalSection
EndGlobal
