
Microsoft Visual Studio Solution File, Format Version 12.00
# Visual Studio Version 16
VisualStudioVersion = 16.0.29411.108
MinimumVisualStudioVersion = 10.0.40219.1
Project("{FAE04EC0-301F-11D3-BF4B-00C04F79EFBC}") = "objecter til filer2", "objecter til filer2\objecter til filer2.csproj", "{13A3A40B-E66B-4096-86DB-697603733241}"
EndProject
Global
	GlobalSection(SolutionConfigurationPlatforms) = preSolution
		Debug|Any CPU = Debug|Any CPU
		Release|Any CPU = Release|Any CPU
	EndGlobalSection
	GlobalSection(ProjectConfigurationPlatforms) = postSolution
		{13A3A40B-E66B-4096-86DB-697603733241}.Debug|Any CPU.ActiveCfg = Debug|Any CPU
		{13A3A40B-E66B-4096-86DB-697603733241}.Debug|Any CPU.Build.0 = Debug|Any CPU
		{13A3A40B-E66B-4096-86DB-697603733241}.Release|Any CPU.ActiveCfg = Release|Any CPU
		{13A3A40B-E66B-4096-86DB-697603733241}.Release|Any CPU.Build.0 = Release|Any CPU
	EndGlobalSection
	GlobalSection(SolutionProperties) = preSolution
		HideSolutionNode = FALSE
	EndGlobalSection
	GlobalSection(ExtensibilityGlobals) = postSolution
		SolutionGuid = {4371F05F-3036-4767-9D49-21F09AD47F13}
	EndGlobalSection
EndGlobal
