
Microsoft Visual Studio Solution File, Format Version 12.00
# Visual Studio Version 16
VisualStudioVersion = 16.0.29411.108
MinimumVisualStudioVersion = 10.0.40219.1
Project("{FAE04EC0-301F-11D3-BF4B-00C04F79EFBC}") = "lagerstyring", "lagerstyring\lagerstyring.csproj", "{388B4CC6-F29C-49B7-97BA-A09A857D2B4C}"
EndProject
Global
	GlobalSection(SolutionConfigurationPlatforms) = preSolution
		Debug|Any CPU = Debug|Any CPU
		Release|Any CPU = Release|Any CPU
	EndGlobalSection
	GlobalSection(ProjectConfigurationPlatforms) = postSolution
		{388B4CC6-F29C-49B7-97BA-A09A857D2B4C}.Debug|Any CPU.ActiveCfg = Debug|Any CPU
		{388B4CC6-F29C-49B7-97BA-A09A857D2B4C}.Debug|Any CPU.Build.0 = Debug|Any CPU
		{388B4CC6-F29C-49B7-97BA-A09A857D2B4C}.Release|Any CPU.ActiveCfg = Release|Any CPU
		{388B4CC6-F29C-49B7-97BA-A09A857D2B4C}.Release|Any CPU.Build.0 = Release|Any CPU
	EndGlobalSection
	GlobalSection(SolutionProperties) = preSolution
		HideSolutionNode = FALSE
	EndGlobalSection
	GlobalSection(ExtensibilityGlobals) = postSolution
		SolutionGuid = {E7E04C72-D86A-4C67-8783-0EC4BD0DC848}
	EndGlobalSection
EndGlobal
