
Microsoft Visual Studio Solution File, Format Version 12.00
# Visual Studio Version 16
VisualStudioVersion = 16.0.29215.179
MinimumVisualStudioVersion = 10.0.40219.1
Project("{FAE04EC0-301F-11D3-BF4B-00C04F79EFBC}") = "tekstfiler.IO.stream", "tekstfiler.IO.stream\tekstfiler.IO.stream.csproj", "{F14C3739-F2B0-4F22-8D00-EFFC67B2A7A2}"
EndProject
Global
	GlobalSection(SolutionConfigurationPlatforms) = preSolution
		Debug|Any CPU = Debug|Any CPU
		Release|Any CPU = Release|Any CPU
	EndGlobalSection
	GlobalSection(ProjectConfigurationPlatforms) = postSolution
		{F14C3739-F2B0-4F22-8D00-EFFC67B2A7A2}.Debug|Any CPU.ActiveCfg = Debug|Any CPU
		{F14C3739-F2B0-4F22-8D00-EFFC67B2A7A2}.Debug|Any CPU.Build.0 = Debug|Any CPU
		{F14C3739-F2B0-4F22-8D00-EFFC67B2A7A2}.Release|Any CPU.ActiveCfg = Release|Any CPU
		{F14C3739-F2B0-4F22-8D00-EFFC67B2A7A2}.Release|Any CPU.Build.0 = Release|Any CPU
	EndGlobalSection
	GlobalSection(SolutionProperties) = preSolution
		HideSolutionNode = FALSE
	EndGlobalSection
	GlobalSection(ExtensibilityGlobals) = postSolution
		SolutionGuid = {AD9EB9B3-3AC1-4567-9194-937E322E233A}
	EndGlobalSection
EndGlobal
