
Microsoft Visual Studio Solution File, Format Version 12.00
# Visual Studio Version 16
VisualStudioVersion = 16.0.29411.108
MinimumVisualStudioVersion = 10.0.40219.1
Project("{FAE04EC0-301F-11D3-BF4B-00C04F79EFBC}") = "kunde klasse", "kunde klasse\kunde klasse.csproj", "{C16F0625-4A05-4F05-8FC7-092A99BD8F63}"
EndProject
Global
	GlobalSection(SolutionConfigurationPlatforms) = preSolution
		Debug|Any CPU = Debug|Any CPU
		Release|Any CPU = Release|Any CPU
	EndGlobalSection
	GlobalSection(ProjectConfigurationPlatforms) = postSolution
		{C16F0625-4A05-4F05-8FC7-092A99BD8F63}.Debug|Any CPU.ActiveCfg = Debug|Any CPU
		{C16F0625-4A05-4F05-8FC7-092A99BD8F63}.Debug|Any CPU.Build.0 = Debug|Any CPU
		{C16F0625-4A05-4F05-8FC7-092A99BD8F63}.Release|Any CPU.ActiveCfg = Release|Any CPU
		{C16F0625-4A05-4F05-8FC7-092A99BD8F63}.Release|Any CPU.Build.0 = Release|Any CPU
	EndGlobalSection
	GlobalSection(SolutionProperties) = preSolution
		HideSolutionNode = FALSE
	EndGlobalSection
	GlobalSection(ExtensibilityGlobals) = postSolution
		SolutionGuid = {55D3186D-9799-4517-912E-84F4D8586F9D}
	EndGlobalSection
EndGlobal
