
Microsoft Visual Studio Solution File, Format Version 12.00
# Visual Studio Version 16
VisualStudioVersion = 16.0.29411.108
MinimumVisualStudioVersion = 10.0.40219.1
Project("{FAE04EC0-301F-11D3-BF4B-00C04F79EFBC}") = "test af binary", "test af binary\test af binary.csproj", "{CA159DC2-15AE-45F1-8664-930E22E7E6F4}"
EndProject
Global
	GlobalSection(SolutionConfigurationPlatforms) = preSolution
		Debug|Any CPU = Debug|Any CPU
		Release|Any CPU = Release|Any CPU
	EndGlobalSection
	GlobalSection(ProjectConfigurationPlatforms) = postSolution
		{CA159DC2-15AE-45F1-8664-930E22E7E6F4}.Debug|Any CPU.ActiveCfg = Debug|Any CPU
		{CA159DC2-15AE-45F1-8664-930E22E7E6F4}.Debug|Any CPU.Build.0 = Debug|Any CPU
		{CA159DC2-15AE-45F1-8664-930E22E7E6F4}.Release|Any CPU.ActiveCfg = Release|Any CPU
		{CA159DC2-15AE-45F1-8664-930E22E7E6F4}.Release|Any CPU.Build.0 = Release|Any CPU
	EndGlobalSection
	GlobalSection(SolutionProperties) = preSolution
		HideSolutionNode = FALSE
	EndGlobalSection
	GlobalSection(ExtensibilityGlobals) = postSolution
		SolutionGuid = {CAEDF946-28A5-4210-90BE-F1BB667AA013}
	EndGlobalSection
EndGlobal
