
Microsoft Visual Studio Solution File, Format Version 12.00
# Visual Studio Version 16
VisualStudioVersion = 16.0.29215.179
MinimumVisualStudioVersion = 10.0.40219.1
Project("{FAE04EC0-301F-11D3-BF4B-00C04F79EFBC}") = "Opgaver ark 6", "Opgaver ark 6\Opgaver ark 6.csproj", "{6C30CC0C-06D0-477D-9EE4-E03679F6344E}"
EndProject
Global
	GlobalSection(SolutionConfigurationPlatforms) = preSolution
		Debug|Any CPU = Debug|Any CPU
		Release|Any CPU = Release|Any CPU
	EndGlobalSection
	GlobalSection(ProjectConfigurationPlatforms) = postSolution
		{6C30CC0C-06D0-477D-9EE4-E03679F6344E}.Debug|Any CPU.ActiveCfg = Debug|Any CPU
		{6C30CC0C-06D0-477D-9EE4-E03679F6344E}.Debug|Any CPU.Build.0 = Debug|Any CPU
		{6C30CC0C-06D0-477D-9EE4-E03679F6344E}.Release|Any CPU.ActiveCfg = Release|Any CPU
		{6C30CC0C-06D0-477D-9EE4-E03679F6344E}.Release|Any CPU.Build.0 = Release|Any CPU
	EndGlobalSection
	GlobalSection(SolutionProperties) = preSolution
		HideSolutionNode = FALSE
	EndGlobalSection
	GlobalSection(ExtensibilityGlobals) = postSolution
		SolutionGuid = {15C7D855-9B26-4308-B4EF-90E9403DBC2A}
	EndGlobalSection
EndGlobal
