
Microsoft Visual Studio Solution File, Format Version 12.00
# Visual Studio Version 16
VisualStudioVersion = 16.0.29411.108
MinimumVisualStudioVersion = 10.0.40219.1
Project("{FAE04EC0-301F-11D3-BF4B-00C04F79EFBC}") = "klasser og random ved terning kast", "klasser og random ved terning kast\klasser og random ved terning kast.csproj", "{E6961F49-5AE3-4848-B214-D5327CCEAAD9}"
EndProject
Global
	GlobalSection(SolutionConfigurationPlatforms) = preSolution
		Debug|Any CPU = Debug|Any CPU
		Release|Any CPU = Release|Any CPU
	EndGlobalSection
	GlobalSection(ProjectConfigurationPlatforms) = postSolution
		{E6961F49-5AE3-4848-B214-D5327CCEAAD9}.Debug|Any CPU.ActiveCfg = Debug|Any CPU
		{E6961F49-5AE3-4848-B214-D5327CCEAAD9}.Debug|Any CPU.Build.0 = Debug|Any CPU
		{E6961F49-5AE3-4848-B214-D5327CCEAAD9}.Release|Any CPU.ActiveCfg = Release|Any CPU
		{E6961F49-5AE3-4848-B214-D5327CCEAAD9}.Release|Any CPU.Build.0 = Release|Any CPU
	EndGlobalSection
	GlobalSection(SolutionProperties) = preSolution
		HideSolutionNode = FALSE
	EndGlobalSection
	GlobalSection(ExtensibilityGlobals) = postSolution
		SolutionGuid = {43F93033-6F9A-4EB3-A953-E506C4B03DA7}
	EndGlobalSection
EndGlobal
