
Microsoft Visual Studio Solution File, Format Version 12.00
# Visual Studio Version 16
VisualStudioVersion = 16.0.29215.179
MinimumVisualStudioVersion = 10.0.40219.1
Project("{FAE04EC0-301F-11D3-BF4B-00C04F79EFBC}") = "Hurtige eksempler", "Hurtige eksempler\Hurtige eksempler.csproj", "{E436D464-BA29-4BC0-AEB4-5E74F6AF96FC}"
EndProject
Global
	GlobalSection(SolutionConfigurationPlatforms) = preSolution
		Debug|Any CPU = Debug|Any CPU
		Release|Any CPU = Release|Any CPU
	EndGlobalSection
	GlobalSection(ProjectConfigurationPlatforms) = postSolution
		{E436D464-BA29-4BC0-AEB4-5E74F6AF96FC}.Debug|Any CPU.ActiveCfg = Debug|Any CPU
		{E436D464-BA29-4BC0-AEB4-5E74F6AF96FC}.Debug|Any CPU.Build.0 = Debug|Any CPU
		{E436D464-BA29-4BC0-AEB4-5E74F6AF96FC}.Release|Any CPU.ActiveCfg = Release|Any CPU
		{E436D464-BA29-4BC0-AEB4-5E74F6AF96FC}.Release|Any CPU.Build.0 = Release|Any CPU
	EndGlobalSection
	GlobalSection(SolutionProperties) = preSolution
		HideSolutionNode = FALSE
	EndGlobalSection
	GlobalSection(ExtensibilityGlobals) = postSolution
		SolutionGuid = {82D1D2D3-5C78-47FB-AB05-B7F14B5A38BD}
	EndGlobalSection
EndGlobal
