
Microsoft Visual Studio Solution File, Format Version 12.00
# Visual Studio Version 16
VisualStudioVersion = 16.0.29215.179
MinimumVisualStudioVersion = 10.0.40219.1
Project("{FAE04EC0-301F-11D3-BF4B-00C04F79EFBC}") = "NULL", "NULL\NULL.csproj", "{0513CB77-76E9-4FD4-8397-9D70F3A7A27F}"
EndProject
Global
	GlobalSection(SolutionConfigurationPlatforms) = preSolution
		Debug|Any CPU = Debug|Any CPU
		Release|Any CPU = Release|Any CPU
	EndGlobalSection
	GlobalSection(ProjectConfigurationPlatforms) = postSolution
		{0513CB77-76E9-4FD4-8397-9D70F3A7A27F}.Debug|Any CPU.ActiveCfg = Debug|Any CPU
		{0513CB77-76E9-4FD4-8397-9D70F3A7A27F}.Debug|Any CPU.Build.0 = Debug|Any CPU
		{0513CB77-76E9-4FD4-8397-9D70F3A7A27F}.Release|Any CPU.ActiveCfg = Release|Any CPU
		{0513CB77-76E9-4FD4-8397-9D70F3A7A27F}.Release|Any CPU.Build.0 = Release|Any CPU
	EndGlobalSection
	GlobalSection(SolutionProperties) = preSolution
		HideSolutionNode = FALSE
	EndGlobalSection
	GlobalSection(ExtensibilityGlobals) = postSolution
		SolutionGuid = {55A31898-71D3-4D57-9069-D5499D3DFA0C}
	EndGlobalSection
EndGlobal
